
Microsoft Visual Studio Solution File, Format Version 12.00
# Visual Studio Version 17
VisualStudioVersion = 17.10.35013.160
MinimumVisualStudioVersion = 10.0.40219.1
Project("{8BC9CEB8-8B4A-11D0-8D11-00A0C91BC942}") = "Basketball", "Basketball\Basketball.vcxproj", "{3D831CF6-6446-40AB-A584-588C74049DE0}"
EndProject
Global
	GlobalSection(SolutionConfigurationPlatforms) = preSolution
		Debug|x64 = Debug|x64
		Debug|x86 = Debug|x86
		Release|x64 = Release|x64
		Release|x86 = Release|x86
	EndGlobalSection
	GlobalSection(ProjectConfigurationPlatforms) = postSolution
		{3D831CF6-6446-40AB-A584-588C74049DE0}.Debug|x64.ActiveCfg = Debug|x64
		{3D831CF6-6446-40AB-A584-588C74049DE0}.Debug|x64.Build.0 = Debug|x64
		{3D831CF6-6446-40AB-A584-588C74049DE0}.Debug|x86.ActiveCfg = Debug|Win32
		{3D831CF6-6446-40AB-A584-588C74049DE0}.Debug|x86.Build.0 = Debug|Win32
		{3D831CF6-6446-40AB-A584-588C74049DE0}.Release|x64.ActiveCfg = Release|x64
		{3D831CF6-6446-40AB-A584-588C74049DE0}.Release|x64.Build.0 = Release|x64
		{3D831CF6-6446-40AB-A584-588C74049DE0}.Release|x86.ActiveCfg = Release|Win32
		{3D831CF6-6446-40AB-A584-588C74049DE0}.Release|x86.Build.0 = Release|Win32
	EndGlobalSection
	GlobalSection(SolutionProperties) = preSolution
		HideSolutionNode = FALSE
	EndGlobalSection
	GlobalSection(ExtensibilityGlobals) = postSolution
		SolutionGuid = {AE2F4C72-348D-4B63-86C6-4C85A7BB63B7}
	EndGlobalSection
EndGlobal
